{
  "name": "thaddeus-compiler",
  "version": "1.0.0",
  "lockfileVersion": 3,
  "requires": true,
  "packages": {
    "": {
      "name": "thaddeus-compiler",
      "version": "1.0.0",
      "license": "ISC",
      "dependencies": {
        "llc": "^0.1.6"
      }
    },
    "node_modules/llc": {
      "version": "0.1.6",
      "resolved": "https://registry.npmjs.org/llc/-/llc-0.1.6.tgz",
      "integrity": "sha512-xmkWnav0+OyphdDES71QWCB6OuUBSU8V/LP+pXD5OqudmLO87bLdGtNbDULU1Xc0N0YhP27qvH1NUr7o85LG1w==",
      "license": "MIT",
      "peerDependencies": {
        "react": ">=16"
      }
    },
    "node_modules/react": {
      "version": "19.2.8",
      "resolved": "https://registry.npmjs.org/react/-/react-19.2.8.tgz",
      "integrity": "sha512-PWaYA1L/q9u2u7xYQi+Y3L3Yfnie7XyLeaJICV1MGD6LprsBxcAqGjYyr0eY3p+QdsA+x/Irkt4Qif8D63+Sbw==",
      "license": "MIT",
      "peer": true,
      "engines": {
        "node": ">=0.10.0"
      }
    }
  }
}
